
Microsoft Visual Studio Solution File, Format Version 12.00
# Visual Studio Version 16
VisualStudioVersion = 16.0.29306.81
MinimumVisualStudioVersion = 10.0.40219.1
Project("{FAE04EC0-301F-11D3-BF4B-00C04F79EFBC}") = "DDD.School.API", "DDD.School.API\DDD.School.API.csproj", "{BF2B17F6-F58E-44F7-8761-4B582DCF07DF}"
EndProject
Project("{FAE04EC0-301F-11D3-BF4B-00C04F79EFBC}") = "DDD.School", "DDD.School\DDD.School.csproj", "{1C4BBD78-678C-4682-B2FE-94908D4D3683}"
EndProject
Project("{FAE04EC0-301F-11D3-BF4B-00C04F79EFBC}") = "DDD.School.Tests", "DDD.School.Tests\DDD.School.Tests.csproj", "{1BD8B999-D766-4EB3-8B8B-B9216DD878EE}"
EndProject
Global
	GlobalSection(SolutionConfigurationPlatforms) = preSolution
		Debug|Any CPU = Debug|Any CPU
		Release|Any CPU = Release|Any CPU
	EndGlobalSection
	GlobalSection(ProjectConfigurationPlatforms) = postSolution
		{BF2B17F6-F58E-44F7-8761-4B582DCF07DF}.Debug|Any CPU.ActiveCfg = Debug|Any CPU
		{BF2B17F6-F58E-44F7-8761-4B582DCF07DF}.Debug|Any CPU.Build.0 = Debug|Any CPU
		{BF2B17F6-F58E-44F7-8761-4B582DCF07DF}.Release|Any CPU.ActiveCfg = Release|Any CPU
		{BF2B17F6-F58E-44F7-8761-4B582DCF07DF}.Release|Any CPU.Build.0 = Release|Any CPU
		{1C4BBD78-678C-4682-B2FE-94908D4D3683}.Debug|Any CPU.ActiveCfg = Debug|Any CPU
		{1C4BBD78-678C-4682-B2FE-94908D4D3683}.Debug|Any CPU.Build.0 = Debug|Any CPU
		{1C4BBD78-678C-4682-B2FE-94908D4D3683}.Release|Any CPU.ActiveCfg = Release|Any CPU
		{1C4BBD78-678C-4682-B2FE-94908D4D3683}.Release|Any CPU.Build.0 = Release|Any CPU
		{1BD8B999-D766-4EB3-8B8B-B9216DD878EE}.Debug|Any CPU.ActiveCfg = Debug|Any CPU
		{1BD8B999-D766-4EB3-8B8B-B9216DD878EE}.Debug|Any CPU.Build.0 = Debug|Any CPU
		{1BD8B999-D766-4EB3-8B8B-B9216DD878EE}.Release|Any CPU.ActiveCfg = Release|Any CPU
		{1BD8B999-D766-4EB3-8B8B-B9216DD878EE}.Release|Any CPU.Build.0 = Release|Any CPU
	EndGlobalSection
	GlobalSection(SolutionProperties) = preSolution
		HideSolutionNode = FALSE
	EndGlobalSection
	GlobalSection(ExtensibilityGlobals) = postSolution
		SolutionGuid = {26C200D8-DB0A-469C-AE2E-427A8EBE1820}
	EndGlobalSection
EndGlobal
